// !$*UTF8*$!
{
	archiveVersion = 1;
	classes = {
	};
	objectVersion = 77;
	objects = {

/* Begin PBXContainerItemProxy section */
		1C02257A2E6F787200E5C944 /* PBXContainerItemProxy */ = {
			isa = PBXContainerItemProxy;
			containerPortal = 1C0225642E6F787100E5C944 /* Project object */;
			proxyType = 1;
			remoteGlobalIDString = 1C02256B2E6F787100E5C944;
			remoteInfo = MyTop10SongsUnitProjekt;
		};
		1C0225842E6F787200E5C944 /* PBXContainerItemProxy */ = {
			isa = PBXContainerItemProxy;
			containerPortal = 1C0225642E6F787100E5C944 /* Project object */;
			proxyType = 1;
			remoteGlobalIDString = 1C02256B2E6F787100E5C944;
			remoteInfo = MyTop10SongsUnitProjekt;
		};
/* End PBXContainerItemProxy section */

/* Begin PBXFileReference section */
		1C02256C2E6F787100E5C944 /* MyTop10SongsUnitProjekt.app */ = {isa = PBXFileReference; explicitFileType = wrapper.application; includeInIndex = 0; path = MyTop10SongsUnitProjekt.app; sourceTree = BUILT_PRODUCTS_DIR; };
		1C0225792E6F787200E5C944 /* MyTop10SongsUnitProjektTests.xctest */ = {isa = PBXFileReference; explicitFileType = wrapper.cfbundle; includeInIndex = 0; path = MyTop10SongsUnitProjektTests.xctest; sourceTree = BUILT_PRODUCTS_DIR; };
		1C0225832E6F787200E5C944 /* MyTop10SongsUnitProjektUITests.xctest */ = {isa = PBXFileReference; explicitFileType = wrapper.cfbundle; includeInIndex = 0; path = MyTop10SongsUnitProjektUITests.xctest; sourceTree = BUILT_PRODUCTS_DIR; };
/* End PBXFileReference section */

/* Begin PBXFileSystemSynchronizedRootGroup section */
		1C02256E2E6F787100E5C944 /* MyTop10SongsUnitProjekt */ = {
			isa = PBXFileSystemSynchronizedRootGroup;
			path = MyTop10SongsUnitProjekt;
			sourceTree = "<group>";
		};
		1C02257C2E6F787200E5C944 /* MyTop10SongsUnitProjektTests */ = {
			isa = PBXFileSystemSynchronizedRootGroup;
			path = MyTop10SongsUnitProjektTests;
			sourceTree = "<group>";
		};
		1C0225862E6F787200E5C944 /* MyTop10SongsUnitProjektUITests */ = {
			isa = PBXFileSystemSynchronizedRootGroup;
			path = MyTop10SongsUnitProjektUITests;
			sourceTree = "<group>";
		};
/* End PBXFileSystemSynchronizedRootGroup section */

/* Begin PBXFrameworksBuildPhase section */
		1C0225692E6F787100E5C944 /* Frameworks */ = {
			isa = PBXFrameworksBuildPhase;
			buildActionMask = 2147483647;
			files = (
			);
			runOnlyForDeploymentPostprocessing = 0;
		};
		1C0225762E6F787200E5C944 /* Frameworks */ = {
			isa = PBXFrameworksBuildPhase;
			buildActionMask = 2147483647;
			files = (
			);
			runOnlyForDeploymentPostprocessing = 0;
		};
		1C0225802E6F787200E5C944 /* Frameworks */ = {
			isa = PBXFrameworksBuildPhase;
			buildActionMask = 2147483647;
			files = (
			);
			runOnlyForDeploymentPostprocessing = 0;
		};
/* End PBXFrameworksBuildPhase section */

/* Begin PBXGroup section */
		1C0225632E6F787100E5C944 = {
			isa = PBXGroup;
			children = (
				1C02256E2E6F787100E5C944 /* MyTop10SongsUnitProjekt */,
				1C02257C2E6F787200E5C944 /* MyTop10SongsUnitProjektTests */,
				1C0225862E6F787200E5C944 /* MyTop10SongsUnitProjektUITests */,
				1C02256D2E6F787100E5C944 /* Products */,
			);
			sourceTree = "<group>";
		};
		1C02256D2E6F787100E5C944 /* Products */ = {
			isa = PBXGroup;
			children = (
				1C02256C2E6F787100E5C944 /* MyTop10SongsUnitProjekt.app */,
				1C0225792E6F787200E5C944 /* MyTop10SongsUnitProjektTests.xctest */,
				1C0225832E6F787200E5C944 /* MyTop10SongsUnitProjektUITests.xctest */,
			);
			name = Products;
			sourceTree = "<group>";
		};
/* End PBXGroup section */

/* Begin PBXNativeTarget section */
		1C02256B2E6F787100E5C944 /* MyTop10SongsUnitProjekt */ = {
			isa = PBXNativeTarget;
			buildConfigurationList = 1C02258D2E6F787200E5C944 /* Build configuration list for PBXNativeTarget "MyTop10SongsUnitProjekt" */;
			buildPhases = (
				1C0225682E6F787100E5C944 /* Sources */,
				1C0225692E6F787100E5C944 /* Frameworks */,
				1C02256A2E6F787100E5C944 /* Resources */,
			);
			buildRules = (
			);
			dependencies = (
			);
			fileSystemSynchronizedGroups = (
				1C02256E2E6F787100E5C944 /* MyTop10SongsUnitProjekt */,
			);
			name = MyTop10SongsUnitProjekt;
			packageProductDependencies = (
			);
			productName = MyTop10SongsUnitProjekt;
			productReference = 1C02256C2E6F787100E5C944 /* MyTop10SongsUnitProjekt.app */;
			productType = "com.apple.product-type.application";
		};
		1C0225782E6F787200E5C944 /* MyTop10SongsUnitProjektTests */ = {
			isa = PBXNativeTarget;
			buildConfigurationList = 1C0225902E6F787200E5C944 /* Build configuration list for PBXNativeTarget "MyTop10SongsUnitProjektTests" */;
			buildPhases = (
				1C0225752E6F787200E5C944 /* Sources */,
				1C0225762E6F787200E5C944 /* Frameworks */,
				1C0225772E6F787200E5C944 /* Resources */,
			);
			buildRules = (
			);
			dependencies = (
				1C02257B2E6F787200E5C944 /* PBXTargetDependency */,
			);
			fileSystemSynchronizedGroups = (
				1C02257C2E6F787200E5C944 /* MyTop10SongsUnitProjektTests */,
			);
			name = MyTop10SongsUnitProjektTests;
			packageProductDependencies = (
			);
			productName = MyTop10SongsUnitProjektTests;
			productReference = 1C0225792E6F787200E5C944 /* MyTop10SongsUnitProjektTests.xctest */;
			productType = "com.apple.product-type.bundle.unit-test";
		};
		1C0225822E6F787200E5C944 /* MyTop10SongsUnitProjektUITests */ = {
			isa = PBXNativeTarget;
			buildConfigurationList = 1C0225932E6F787200E5C944 /* Build configuration list for PBXNativeTarget "MyTop10SongsUnitProjektUITests" */;
			buildPhases = (
				1C02257F2E6F787200E5C944 /* Sources */,
				1C0225802E6F787200E5C944 /* Frameworks */,
				1C0225812E6F787200E5C944 /* Resources */,
			);
			buildRules = (
			);
			dependencies = (
				1C0225852E6F787200E5C944 /* PBXTargetDependency */,
			);
			fileSystemSynchronizedGroups = (
				1C0225862E6F787200E5C944 /* MyTop10SongsUnitProjektUITests */,
			);
			name = MyTop10SongsUnitProjektUITests;
			packageProductDependencies = (
			);
			productName = MyTop10SongsUnitProjektUITests;
			productReference = 1C0225832E6F787200E5C944 /* MyTop10SongsUnitProjektUITests.xctest */;
			productType = "com.apple.product-type.bundle.ui-testing";
		};
/* End PBXNativeTarget section */

/* Begin PBXProject section */
		1C0225642E6F787100E5C944 /* Project object */ = {
			isa = PBXProject;
			attributes = {
				BuildIndependentTargetsInParallel = 1;
				LastSwiftUpdateCheck = 1640;
				LastUpgradeCheck = 1640;
				TargetAttributes = {
					1C02256B2E6F787100E5C944 = {
						CreatedOnToolsVersion = 16.4;
					};
					1C0225782E6F787200E5C944 = {
						CreatedOnToolsVersion = 16.4;
						TestTargetID = 1C02256B2E6F787100E5C944;
					};
					1C0225822E6F787200E5C944 = {
						CreatedOnToolsVersion = 16.4;
						TestTargetID = 1C02256B2E6F787100E5C944;
					};
				};
			};
			buildConfigurationList = 1C0225672E6F787100E5C944 /* Build configuration list for PBXProject "MyTop10SongsUnitProjekt" */;
			developmentRegion = en;
			hasScannedForEncodings = 0;
			knownRegions = (
				en,
				Base,
			);
			mainGroup = 1C0225632E6F787100E5C944;
			minimizedProjectReferenceProxies = 1;
			preferredProjectObjectVersion = 77;
			productRefGroup = 1C02256D2E6F787100E5C944 /* Products */;
			projectDirPath = "";
			projectRoot = "";
			targets = (
				1C02256B2E6F787100E5C944 /* MyTop10SongsUnitProjekt */,
				1C0225782E6F787200E5C944 /* MyTop10SongsUnitProjektTests */,
				1C0225822E6F787200E5C944 /* MyTop10SongsUnitProjektUITests */,
			);
		};
/* End PBXProject section */

/* Begin PBXResourcesBuildPhase section */
		1C02256A2E6F787100E5C944 /* Resources */ = {
			isa = PBXResourcesBuildPhase;
			buildActionMask = 2147483647;
			files = (
			);
			runOnlyForDeploymentPostprocessing = 0;
		};
		1C0225772E6F787200E5C944 /* Resources */ = {
			isa = PBXResourcesBuildPhase;
			buildActionMask = 2147483647;
			files = (
			);
			runOnlyForDeploymentPostprocessing = 0;
		};
		1C0225812E6F787200E5C944 /* Resources */ = {
			isa = PBXResourcesBuildPhase;
			buildActionMask = 2147483647;
			files = (
			);
			runOnlyForDeploymentPostprocessing = 0;
		};
/* End PBXResourcesBuildPhase section */

/* Begin PBXSourcesBuildPhase section */
		1C0225682E6F787100E5C944 /* Sources */ = {
			isa = PBXSourcesBuildPhase;
			buildActionMask = 2147483647;
			files = (
			);
			runOnlyForDeploymentPostprocessing = 0;
		};
		1C0225752E6F787200E5C944 /* Sources */ = {
			isa = PBXSourcesBuildPhase;
			buildActionMask = 2147483647;
			files = (
			);
			runOnlyForDeploymentPostprocessing = 0;
		};
		1C02257F2E6F787200E5C944 /* Sources */ = {
			isa = PBXSourcesBuildPhase;
			buildActionMask = 2147483647;
			files = (
			);
			runOnlyForDeploymentPostprocessing = 0;
		};
/* End PBXSourcesBuildPhase section */

/* Begin PBXTargetDependency section */
		1C02257B2E6F787200E5C944 /* PBXTargetDependency */ = {
			isa = PBXTargetDependency;
			target = 1C02256B2E6F787100E5C944 /* MyTop10SongsUnitProjekt */;
			targetProxy = 1C02257A2E6F787200E5C944 /* PBXContainerItemProxy */;
		};
		1C0225852E6F787200E5C944 /* PBXTargetDependency */ = {
			isa = PBXTargetDependency;
			target = 1C02256B2E6F787100E5C944 /* MyTop10SongsUnitProjekt */;
			targetProxy = 1C0225842E6F787200E5C944 /* PBXContainerItemProxy */;
		};
/* End PBXTargetDependency section */

/* Begin XCBuildConfiguration section */
		1C02258B2E6F787200E5C944 /* Debug */ = {
			isa = XCBuildConfiguration;
			buildSettings = {
				ALWAYS_SEARCH_USER_PATHS = NO;
				ASSETCATALOG_COMPILER_GENERATE_SWIFT_ASSET_SYMBOL_EXTENSIONS = YES;
				CLANG_ANALYZER_NONNULL = YES;
				CLANG_ANALYZER_NUMBER_OBJECT_CONVERSION = YES_AGGRESSIVE;
				CLANG_CXX_LANGUAGE_STANDARD = "gnu++20";
				CLANG_ENABLE_MODULES = YES;
				CLANG_ENABLE_OBJC_ARC = YES;
				CLANG_ENABLE_OBJC_WEAK = YES;
				CLANG_WARN_BLOCK_CAPTURE_AUTORELEASING = YES;
				CLANG_WARN_BOOL_CONVERSION = YES;
				CLANG_WARN_COMMA = YES;
				CLANG_WARN_CONSTANT_CONVERSION = YES;
				CLANG_WARN_DEPRECATED_OBJC_IMPLEMENTATIONS = YES;
				CLANG_WARN_DIRECT_OBJC_ISA_USAGE = YES_ERROR;
				CLANG_WARN_DOCUMENTATION_COMMENTS = YES;
				CLANG_WARN_EMPTY_BODY = YES;
				CLANG_WARN_ENUM_CONVERSION = YES;
				CLANG_WARN_INFINITE_RECURSION = YES;
				CLANG_WARN_INT_CONVERSION = YES;
				CLANG_WARN_NON_LITERAL_NULL_CONVERSION = YES;
				CLANG_WARN_OBJC_IMPLICIT_RETAIN_SELF = YES;
				CLANG_WARN_OBJC_LITERAL_CONVERSION = YES;
				CLANG_WARN_OBJC_ROOT_CLASS = YES_ERROR;
				CLANG_WARN_QUOTED_INCLUDE_IN_FRAMEWORK_HEADER = YES;
				CLANG_WARN_RANGE_LOOP_ANALYSIS = YES;
				CLANG_WARN_STRICT_PROTOTYPES = YES;
				CLANG_WARN_SUSPICIOUS_MOVE = YES;
				CLANG_WARN_UNGUARDED_AVAILABILITY = YES_AGGRESSIVE;
				CLANG_WARN_UNREACHABLE_CODE = YES;
				CLANG_WARN__DUPLICATE_METHOD_MATCH = YES;
				COPY_PHASE_STRIP = NO;
				DEBUG_INFORMATION_FORMAT = dwarf;
				DEVELOPMENT_TEAM = 3SGXPJAJQJ;
				ENABLE_STRICT_OBJC_MSGSEND = YES;
				ENABLE_TESTABILITY = YES;
				ENABLE_USER_SCRIPT_SANDBOXING = YES;
				GCC_C_LANGUAGE_STANDARD = gnu17;
				GCC_DYNAMIC_NO_PIC = NO;
				GCC_NO_COMMON_BLOCKS = YES;
				GCC_OPTIMIZATION_LEVEL = 0;
				GCC_PREPROCESSOR_DEFINITIONS = (
					"DEBUG=1",
					"$(inherited)",
				);
				GCC_WARN_64_TO_32_BIT_CONVERSION = YES;
				GCC_WARN_ABOUT_RETURN_TYPE = YES_ERROR;
				GCC_WARN_UNDECLARED_SELECTOR = YES;
				GCC_WARN_UNINITIALIZED_AUTOS = YES_AGGRESSIVE;
				GCC_WARN_UNUSED_FUNCTION = YES;
				GCC_WARN_UNUSED_VARIABLE = YES;
				IPHONEOS_DEPLOYMENT_TARGET = 18.5;
				LOCALIZATION_PREFERS_STRING_CATALOGS = YES;
				MTL_ENABLE_DEBUG_INFO = INCLUDE_SOURCE;
				MTL_FAST_MATH = YES;
				ONLY_ACTIVE_ARCH = YES;
				SDKROOT = iphoneos;
				SWIFT_ACTIVE_COMPILATION_CONDITIONS = "DEBUG $(inherited)";
				SWIFT_OPTIMIZATION_LEVEL = "-Onone";
			};
			name = Debug;
		};
		1C02258C2E6F787200E5C944 /* Release */ = {
			isa = XCBuildConfiguration;
			buildSettings = {
				ALWAYS_SEARCH_USER_PATHS = NO;
				ASSETCATALOG_COMPILER_GENERATE_SWIFT_ASSET_SYMBOL_EXTENSIONS = YES;
				CLANG_ANALYZER_NONNULL = YES;
				CLANG_ANALYZER_NUMBER_OBJECT_CONVERSION = YES_AGGRESSIVE;
				CLANG_CXX_LANGUAGE_STANDARD = "gnu++20";
				CLANG_ENABLE_MODULES = YES;
				CLANG_ENABLE_OBJC_ARC = YES;
				CLANG_ENABLE_OBJC_WEAK = YES;
				CLANG_WARN_BLOCK_CAPTURE_AUTORELEASING = YES;
				CLANG_WARN_BOOL_CONVERSION = YES;
				CLANG_WARN_COMMA = YES;
				CLANG_WARN_CONSTANT_CONVERSION = YES;
				CLANG_WARN_DEPRECATED_OBJC_IMPLEMENTATIONS = YES;
				CLANG_WARN_DIRECT_OBJC_ISA_USAGE = YES_ERROR;
				CLANG_WARN_DOCUMENTATION_COMMENTS = YES;
				CLANG_WARN_EMPTY_BODY = YES;
				CLANG_WARN_ENUM_CONVERSION = YES;
				CLANG_WARN_INFINITE_RECURSION = YES;
				CLANG_WARN_INT_CONVERSION = YES;
				CLANG_WARN_NON_LITERAL_NULL_CONVERSION = YES;
				CLANG_WARN_OBJC_IMPLICIT_RETAIN_SELF = YES;
				CLANG_WARN_OBJC_LITERAL_CONVERSION = YES;
				CLANG_WARN_OBJC_ROOT_CLASS = YES_ERROR;
				CLANG_WARN_QUOTED_INCLUDE_IN_FRAMEWORK_HEADER = YES;
				CLANG_WARN_RANGE_LOOP_ANALYSIS = YES;
				CLANG_WARN_STRICT_PROTOTYPES = YES;
				CLANG_WARN_SUSPICIOUS_MOVE = YES;
				CLANG_WARN_UNGUARDED_AVAILABILITY = YES_AGGRESSIVE;
				CLANG_WARN_UNREACHABLE_CODE = YES;
				CLANG_WARN__DUPLICATE_METHOD_MATCH = YES;
				COPY_PHASE_STRIP = NO;
				DEBUG_INFORMATION_FORMAT = "dwarf-with-dsym";
				DEVELOPMENT_TEAM = 3SGXPJAJQJ;
				ENABLE_NS_ASSERTIONS = NO;
				ENABLE_STRICT_OBJC_MSGSEND = YES;
				ENABLE_USER_SCRIPT_SANDBOXING = YES;
				GCC_C_LANGUAGE_STANDARD = gnu17;
				GCC_NO_COMMON_BLOCKS = YES;
				GCC_WARN_64_TO_32_BIT_CONVERSION = YES;
				GCC_WARN_ABOUT_RETURN_TYPE = YES_ERROR;
				GCC_WARN_UNDECLARED_SELECTOR = YES;
				GCC_WARN_UNINITIALIZED_AUTOS = YES_AGGRESSIVE;
				GCC_WARN_UNUSED_FUNCTION = YES;
				GCC_WARN_UNUSED_VARIABLE = YES;
				IPHONEOS_DEPLOYMENT_TARGET = 18.5;
				LOCALIZATION_PREFERS_STRING_CATALOGS = YES;
				MTL_ENABLE_DEBUG_INFO = NO;
				MTL_FAST_MATH = YES;
				SDKROOT = iphoneos;
				SWIFT_COMPILATION_MODE = wholemodule;
				VALIDATE_PRODUCT = YES;
			};
			name = Release;
		};
		1C02258E2E6F787200E5C944 /* Debug */ = {
			isa = XCBuildConfiguration;
			buildSettings = {
				ASSETCATALOG_COMPILER_APPICON_NAME = AppIcon;
				ASSETCATALOG_COMPILER_GLOBAL_ACCENT_COLOR_NAME = AccentColor;
				CODE_SIGN_STYLE = Automatic;
				CURRENT_PROJECT_VERSION = 1;
				DEVELOPMENT_TEAM = 3SGXPJAJQJ;
				ENABLE_PREVIEWS = YES;
				GENERATE_INFOPLIST_FILE = YES;
				INFOPLIST_KEY_UIApplicationSceneManifest_Generation = YES;
				INFOPLIST_KEY_UIApplicationSupportsIndirectInputEvents = YES;
				INFOPLIST_KEY_UILaunchScreen_Generation = YES;
				INFOPLIST_KEY_UISupportedInterfaceOrientations_iPad = "UIInterfaceOrientationPortrait UIInterfaceOrientationPortraitUpsideDown UIInterfaceOrientationLandscapeLeft UIInterfaceOrientationLandscapeRight";
				INFOPLIST_KEY_UISupportedInterfaceOrientations_iPhone = "UIInterfaceOrientationPortrait UIInterfaceOrientationLandscapeLeft UIInterfaceOrientationLandscapeRight";
				LD_RUNPATH_SEARCH_PATHS = (
					"$(inherited)",
					"@executable_path/Frameworks",
				);
				MARKETING_VERSION = 1.0;
				PRODUCT_BUNDLE_IDENTIFIER = CTC.MyTop10SongsUnitProjekt;
				PRODUCT_NAME = "$(TARGET_NAME)";
				SWIFT_EMIT_LOC_STRINGS = YES;
				SWIFT_VERSION = 5.0;
				TARGETED_DEVICE_FAMILY = "1,2";
			};
			name = Debug;
		};
		1C02258F2E6F787200E5C944 /* Release */ = {
			isa = XCBuildConfiguration;
			buildSettings = {
				ASSETCATALOG_COMPILER_APPICON_NAME = AppIcon;
				ASSETCATALOG_COMPILER_GLOBAL_ACCENT_COLOR_NAME = AccentColor;
				CODE_SIGN_STYLE = Automatic;
				CURRENT_PROJECT_VERSION = 1;
				DEVELOPMENT_TEAM = 3SGXPJAJQJ;
				ENABLE_PREVIEWS = YES;
				GENERATE_INFOPLIST_FILE = YES;
				INFOPLIST_KEY_UIApplicationSceneManifest_Generation = YES;
				INFOPLIST_KEY_UIApplicationSupportsIndirectInputEvents = YES;
				INFOPLIST_KEY_UILaunchScreen_Generation = YES;
				INFOPLIST_KEY_UISupportedInterfaceOrientations_iPad = "UIInterfaceOrientationPortrait UIInterfaceOrientationPortraitUpsideDown UIInterfaceOrientationLandscapeLeft UIInterfaceOrientationLandscapeRight";
				INFOPLIST_KEY_UISupportedInterfaceOrientations_iPhone = "UIInterfaceOrientationPortrait UIInterfaceOrientationLandscapeLeft UIInterfaceOrientationLandscapeRight";
				LD_RUNPATH_SEARCH_PATHS = (
					"$(inherited)",
					"@executable_path/Frameworks",
				);
				MARKETING_VERSION = 1.0;
				PRODUCT_BUNDLE_IDENTIFIER = CTC.MyTop10SongsUnitProjekt;
				PRODUCT_NAME = "$(TARGET_NAME)";
				SWIFT_EMIT_LOC_STRINGS = YES;
				SWIFT_VERSION = 5.0;
				TARGETED_DEVICE_FAMILY = "1,2";
			};
			name = Release;
		};
		1C0225912E6F787200E5C944 /* Debug */ = {
			isa = XCBuildConfiguration;
			buildSettings = {
				BUNDLE_LOADER = "$(TEST_HOST)";
				CODE_SIGN_STYLE = Automatic;
				CURRENT_PROJECT_VERSION = 1;
				DEVELOPMENT_TEAM = 3SGXPJAJQJ;
				GENERATE_INFOPLIST_FILE = YES;
				IPHONEOS_DEPLOYMENT_TARGET = 18.5;
				MARKETING_VERSION = 1.0;
				PRODUCT_BUNDLE_IDENTIFIER = CTC.MyTop10SongsUnitProjektTests;
				PRODUCT_NAME = "$(TARGET_NAME)";
				SWIFT_EMIT_LOC_STRINGS = NO;
				SWIFT_VERSION = 5.0;
				TARGETED_DEVICE_FAMILY = "1,2";
				TEST_HOST = "$(BUILT_PRODUCTS_DIR)/MyTop10SongsUnitProjekt.app/$(BUNDLE_EXECUTABLE_FOLDER_PATH)/MyTop10SongsUnitProjekt";
			};
			name = Debug;
		};
		1C0225922E6F787200E5C944 /* Release */ = {
			isa = XCBuildConfiguration;
			buildSettings = {
				BUNDLE_LOADER = "$(TEST_HOST)";
				CODE_SIGN_STYLE = Automatic;
				CURRENT_PROJECT_VERSION = 1;
				DEVELOPMENT_TEAM = 3SGXPJAJQJ;
				GENERATE_INFOPLIST_FILE = YES;
				IPHONEOS_DEPLOYMENT_TARGET = 18.5;
				MARKETING_VERSION = 1.0;
				PRODUCT_BUNDLE_IDENTIFIER = CTC.MyTop10SongsUnitProjektTests;
				PRODUCT_NAME = "$(TARGET_NAME)";
				SWIFT_EMIT_LOC_STRINGS = NO;
				SWIFT_VERSION = 5.0;
				TARGETED_DEVICE_FAMILY = "1,2";
				TEST_HOST = "$(BUILT_PRODUCTS_DIR)/MyTop10SongsUnitProjekt.app/$(BUNDLE_EXECUTABLE_FOLDER_PATH)/MyTop10SongsUnitProjekt";
			};
			name = Release;
		};
		1C0225942E6F787200E5C944 /* Debug */ = {
			isa = XCBuildConfiguration;
			buildSettings = {
				CODE_SIGN_STYLE = Automatic;
				CURRENT_PROJECT_VERSION = 1;
				DEVELOPMENT_TEAM = 3SGXPJAJQJ;
				GENERATE_INFOPLIST_FILE = YES;
				MARKETING_VERSION = 1.0;
				PRODUCT_BUNDLE_IDENTIFIER = CTC.MyTop10SongsUnitProjektUITests;
				PRODUCT_NAME = "$(TARGET_NAME)";
				SWIFT_EMIT_LOC_STRINGS = NO;
				SWIFT_VERSION = 5.0;
				TARGETED_DEVICE_FAMILY = "1,2";
				TEST_TARGET_NAME = MyTop10SongsUnitProjekt;
			};
			name = Debug;
		};
		1C0225952E6F787200E5C944 /* Release */ = {
			isa = XCBuildConfiguration;
			buildSettings = {
				CODE_SIGN_STYLE = Automatic;
				CURRENT_PROJECT_VERSION = 1;
				DEVELOPMENT_TEAM = 3SGXPJAJQJ;
				GENERATE_INFOPLIST_FILE = YES;
				MARKETING_VERSION = 1.0;
				PRODUCT_BUNDLE_IDENTIFIER = CTC.MyTop10SongsUnitProjektUITests;
				PRODUCT_NAME = "$(TARGET_NAME)";
				SWIFT_EMIT_LOC_STRINGS = NO;
				SWIFT_VERSION = 5.0;
				TARGETED_DEVICE_FAMILY = "1,2";
				TEST_TARGET_NAME = MyTop10SongsUnitProjekt;
			};
			name = Release;
		};
/* End XCBuildConfiguration section */

/* Begin XCConfigurationList section */
		1C0225672E6F787100E5C944 /* Build configuration list for PBXProject "MyTop10SongsUnitProjekt" */ = {
			isa = XCConfigurationList;
			buildConfigurations = (
				1C02258B2E6F787200E5C944 /* Debug */,
				1C02258C2E6F787200E5C944 /* Release */,
			);
			defaultConfigurationIsVisible = 0;
			defaultConfigurationName = Release;
		};
		1C02258D2E6F787200E5C944 /* Build configuration list for PBXNativeTarget "MyTop10SongsUnitProjekt" */ = {
			isa = XCConfigurationList;
			buildConfigurations = (
				1C02258E2E6F787200E5C944 /* Debug */,
				1C02258F2E6F787200E5C944 /* Release */,
			);
			defaultConfigurationIsVisible = 0;
			defaultConfigurationName = Release;
		};
		1C0225902E6F787200E5C944 /* Build configuration list for PBXNativeTarget "MyTop10SongsUnitProjektTests" */ = {
			isa = XCConfigurationList;
			buildConfigurations = (
				1C0225912E6F787200E5C944 /* Debug */,
				1C0225922E6F787200E5C944 /* Release */,
			);
			defaultConfigurationIsVisible = 0;
			defaultConfigurationName = Release;
		};
		1C0225932E6F787200E5C944 /* Build configuration list for PBXNativeTarget "MyTop10SongsUnitProjektUITests" */ = {
			isa = XCConfigurationList;
			buildConfigurations = (
				1C0225942E6F787200E5C944 /* Debug */,
				1C0225952E6F787200E5C944 /* Release */,
			);
			defaultConfigurationIsVisible = 0;
			defaultConfigurationName = Release;
		};
/* End XCConfigurationList section */
	};
	rootObject = 1C0225642E6F787100E5C944 /* Project object */;
}
